// !$*UTF8*$!
{
	archiveVersion = 1;
	classes = {
	};
	objectVersion = 56;
	objects = {

/* Begin PBXBuildFile section */
		E234E51B2BE9F37E003599B4 /* Little_LemonApp.swift in Sources */ = {isa = PBXBuildFile; fileRef = E234E51A2BE9F37E003599B4 /* Little_LemonApp.swift */; };
		E234E51F2BE9F37F003599B4 /* Assets.xcassets in Resources */ = {isa = PBXBuildFile; fileRef = E234E51E2BE9F37F003599B4 /* Assets.xcassets */; };
		E234E5222BE9F37F003599B4 /* Preview Assets.xcassets in Resources */ = {isa = PBXBuildFile; fileRef = E234E5212BE9F37F003599B4 /* Preview Assets.xcassets */; };
		E234E5272BE9F37F003599B4 /* Little_Lemon.xcdatamodeld in Sources */ = {isa = PBXBuildFile; fileRef = E234E5252BE9F37F003599B4 /* Little_Lemon.xcdatamodeld */; };
		E234E5312BE9F37F003599B4 /* Little_LemonTests.swift in Sources */ = {isa = PBXBuildFile; fileRef = E234E5302BE9F37F003599B4 /* Little_LemonTests.swift */; };
		E234E53B2BE9F37F003599B4 /* Little_LemonUITests.swift in Sources */ = {isa = PBXBuildFile; fileRef = E234E53A2BE9F37F003599B4 /* Little_LemonUITests.swift */; };
		E234E53D2BE9F37F003599B4 /* Little_LemonUITestsLaunchTests.swift in Sources */ = {isa = PBXBuildFile; fileRef = E234E53C2BE9F37F003599B4 /* Little_LemonUITestsLaunchTests.swift */; };
		E234E54C2BE9F632003599B4 /* OnboardingView.swift in Sources */ = {isa = PBXBuildFile; fileRef = E234E54B2BE9F632003599B4 /* OnboardingView.swift */; };
		E234E54F2BE9F662003599B4 /* ViewModel.swift in Sources */ = {isa = PBXBuildFile; fileRef = E234E54E2BE9F662003599B4 /* ViewModel.swift */; };
		E234E5512BE9F6BA003599B4 /* HeaderView.swift in Sources */ = {isa = PBXBuildFile; fileRef = E234E5502BE9F6BA003599B4 /* HeaderView.swift */; };
		E234E5532BE9F6E3003599B4 /* HeroView.swift in Sources */ = {isa = PBXBuildFile; fileRef = E234E5522BE9F6E3003599B4 /* HeroView.swift */; };
		E234E5552BE9F707003599B4 /* Styles.swift in Sources */ = {isa = PBXBuildFile; fileRef = E234E5542BE9F707003599B4 /* Styles.swift */; };
		E234E5572BE9F727003599B4 /* UserProfileView.swift in Sources */ = {isa = PBXBuildFile; fileRef = E234E5562BE9F727003599B4 /* UserProfileView.swift */; };
		E234E5592BE9F74F003599B4 /* HomeView.swift in Sources */ = {isa = PBXBuildFile; fileRef = E234E5582BE9F74F003599B4 /* HomeView.swift */; };
		E234E55B2BE9F781003599B4 /* MainView.swift in Sources */ = {isa = PBXBuildFile; fileRef = E234E55A2BE9F781003599B4 /* MainView.swift */; };
		E234E55D2BE9F7A2003599B4 /* MenuView.swift in Sources */ = {isa = PBXBuildFile; fileRef = E234E55C2BE9F7A2003599B4 /* MenuView.swift */; };
		E234E5642BE9F843003599B4 /* ExampleDatabase.xcdatamodeld in Sources */ = {isa = PBXBuildFile; fileRef = E234E5622BE9F843003599B4 /* ExampleDatabase.xcdatamodeld */; };
		E234E5662BE9F859003599B4 /* FetchedObjects.swift in Sources */ = {isa = PBXBuildFile; fileRef = E234E5652BE9F859003599B4 /* FetchedObjects.swift */; };
		E234E5682BE9F87E003599B4 /* PersistenceController.swift in Sources */ = {isa = PBXBuildFile; fileRef = E234E5672BE9F87E003599B4 /* PersistenceController.swift */; };
		E234E56B2BE9F996003599B4 /* MenuItem.swift in Sources */ = {isa = PBXBuildFile; fileRef = E234E56A2BE9F996003599B4 /* MenuItem.swift */; };
		E234E56D2BE9F9A3003599B4 /* MenuList.swift in Sources */ = {isa = PBXBuildFile; fileRef = E234E56C2BE9F9A3003599B4 /* MenuList.swift */; };
		E234E56F2BE9F9CC003599B4 /* DetailItemView.swift in Sources */ = {isa = PBXBuildFile; fileRef = E234E56E2BE9F9CC003599B4 /* DetailItemView.swift */; };
		E234E5712BE9F9F4003599B4 /* FoodItemView.swift in Sources */ = {isa = PBXBuildFile; fileRef = E234E5702BE9F9F4003599B4 /* FoodItemView.swift */; };
/* End PBXBuildFile section */

/* Begin PBXContainerItemProxy section */
		E234E52D2BE9F37F003599B4 /* PBXContainerItemProxy */ = {
			isa = PBXContainerItemProxy;
			containerPortal = E234E50F2BE9F37E003599B4 /* Project object */;
			proxyType = 1;
			remoteGlobalIDString = E234E5162BE9F37E003599B4;
			remoteInfo = "Little Lemon";
		};
		E234E5372BE9F37F003599B4 /* PBXContainerItemProxy */ = {
			isa = PBXContainerItemProxy;
			containerPortal = E234E50F2BE9F37E003599B4 /* Project object */;
			proxyType = 1;
			remoteGlobalIDString = E234E5162BE9F37E003599B4;
			remoteInfo = "Little Lemon";
		};
/* End PBXContainerItemProxy section */

/* Begin PBXFileReference section */
		E234E5172BE9F37E003599B4 /* Little Lemon.app */ = {isa = PBXFileReference; explicitFileType = wrapper.application; includeInIndex = 0; path = "Little Lemon.app"; sourceTree = BUILT_PRODUCTS_DIR; };
		E234E51A2BE9F37E003599B4 /* Little_LemonApp.swift */ = {isa = PBXFileReference; lastKnownFileType = sourcecode.swift; path = Little_LemonApp.swift; sourceTree = "<group>"; };
		E234E51E2BE9F37F003599B4 /* Assets.xcassets */ = {isa = PBXFileReference; lastKnownFileType = folder.assetcatalog; path = Assets.xcassets; sourceTree = "<group>"; };
		E234E5212BE9F37F003599B4 /* Preview Assets.xcassets */ = {isa = PBXFileReference; lastKnownFileType = folder.assetcatalog; path = "Preview Assets.xcassets"; sourceTree = "<group>"; };
		E234E5262BE9F37F003599B4 /* Little_Lemon.xcdatamodel */ = {isa = PBXFileReference; lastKnownFileType = wrapper.xcdatamodel; path = Little_Lemon.xcdatamodel; sourceTree = "<group>"; };
		E234E52C2BE9F37F003599B4 /* Little LemonTests.xctest */ = {isa = PBXFileReference; explicitFileType = wrapper.cfbundle; includeInIndex = 0; path = "Little LemonTests.xctest"; sourceTree = BUILT_PRODUCTS_DIR; };
		E234E5302BE9F37F003599B4 /* Little_LemonTests.swift */ = {isa = PBXFileReference; lastKnownFileType = sourcecode.swift; path = Little_LemonTests.swift; sourceTree = "<group>"; };
		E234E5362BE9F37F003599B4 /* Little LemonUITests.xctest */ = {isa = PBXFileReference; explicitFileType = wrapper.cfbundle; includeInIndex = 0; path = "Little LemonUITests.xctest"; sourceTree = BUILT_PRODUCTS_DIR; };
		E234E53A2BE9F37F003599B4 /* Little_LemonUITests.swift */ = {isa = PBXFileReference; lastKnownFileType = sourcecode.swift; path = Little_LemonUITests.swift; sourceTree = "<group>"; };
		E234E53C2BE9F37F003599B4 /* Little_LemonUITestsLaunchTests.swift */ = {isa = PBXFileReference; lastKnownFileType = sourcecode.swift; path = Little_LemonUITestsLaunchTests.swift; sourceTree = "<group>"; };
		E234E5492BE9F4DD003599B4 /* README.md */ = {isa = PBXFileReference; lastKnownFileType = net.daringfireball.markdown; path = README.md; sourceTree = "<group>"; };
		E234E54B2BE9F632003599B4 /* OnboardingView.swift */ = {isa = PBXFileReference; lastKnownFileType = sourcecode.swift; path = OnboardingView.swift; sourceTree = "<group>"; };
		E234E54E2BE9F662003599B4 /* ViewModel.swift */ = {isa = PBXFileReference; lastKnownFileType = sourcecode.swift; path = ViewModel.swift; sourceTree = "<group>"; };
		E234E5502BE9F6BA003599B4 /* HeaderView.swift */ = {isa = PBXFileReference; lastKnownFileType = sourcecode.swift; path = HeaderView.swift; sourceTree = "<group>"; };
		E234E5522BE9F6E3003599B4 /* HeroView.swift */ = {isa = PBXFileReference; lastKnownFileType = sourcecode.swift; path = HeroView.swift; sourceTree = "<group>"; };
		E234E5542BE9F707003599B4 /* Styles.swift */ = {isa = PBXFileReference; lastKnownFileType = sourcecode.swift; path = Styles.swift; sourceTree = "<group>"; };
		E234E5562BE9F727003599B4 /* UserProfileView.swift */ = {isa = PBXFileReference; lastKnownFileType = sourcecode.swift; path = UserProfileView.swift; sourceTree = "<group>"; };
		E234E5582BE9F74F003599B4 /* HomeView.swift */ = {isa = PBXFileReference; lastKnownFileType = sourcecode.swift; path = HomeView.swift; sourceTree = "<group>"; };
		E234E55A2BE9F781003599B4 /* MainView.swift */ = {isa = PBXFileReference; lastKnownFileType = sourcecode.swift; path = MainView.swift; sourceTree = "<group>"; };
		E234E55C2BE9F7A2003599B4 /* MenuView.swift */ = {isa = PBXFileReference; lastKnownFileType = sourcecode.swift; path = MenuView.swift; sourceTree = "<group>"; };
		E234E5632BE9F843003599B4 /* ExampleDatabase.xcdatamodel */ = {isa = PBXFileReference; lastKnownFileType = wrapper.xcdatamodel; path = ExampleDatabase.xcdatamodel; sourceTree = "<group>"; };
		E234E5652BE9F859003599B4 /* FetchedObjects.swift */ = {isa = PBXFileReference; lastKnownFileType = sourcecode.swift; path = FetchedObjects.swift; sourceTree = "<group>"; };
		E234E5672BE9F87E003599B4 /* PersistenceController.swift */ = {isa = PBXFileReference; lastKnownFileType = sourcecode.swift; path = PersistenceController.swift; sourceTree = "<group>"; };
		E234E56A2BE9F996003599B4 /* MenuItem.swift */ = {isa = PBXFileReference; lastKnownFileType = sourcecode.swift; path = MenuItem.swift; sourceTree = "<group>"; };
		E234E56C2BE9F9A3003599B4 /* MenuList.swift */ = {isa = PBXFileReference; lastKnownFileType = sourcecode.swift; path = MenuList.swift; sourceTree = "<group>"; };
		E234E56E2BE9F9CC003599B4 /* DetailItemView.swift */ = {isa = PBXFileReference; lastKnownFileType = sourcecode.swift; path = DetailItemView.swift; sourceTree = "<group>"; };
		E234E5702BE9F9F4003599B4 /* FoodItemView.swift */ = {isa = PBXFileReference; lastKnownFileType = sourcecode.swift; path = FoodItemView.swift; sourceTree = "<group>"; };
/* End PBXFileReference section */

/* Begin PBXFrameworksBuildPhase section */
		E234E5142BE9F37E003599B4 /* Frameworks */ = {
			isa = PBXFrameworksBuildPhase;
			buildActionMask = 2147483647;
			files = (
			);
			runOnlyForDeploymentPostprocessing = 0;
		};
		E234E5292BE9F37F003599B4 /* Frameworks */ = {
			isa = PBXFrameworksBuildPhase;
			buildActionMask = 2147483647;
			files = (
			);
			runOnlyForDeploymentPostprocessing = 0;
		};
		E234E5332BE9F37F003599B4 /* Frameworks */ = {
			isa = PBXFrameworksBuildPhase;
			buildActionMask = 2147483647;
			files = (
			);
			runOnlyForDeploymentPostprocessing = 0;
		};
/* End PBXFrameworksBuildPhase section */

/* Begin PBXGroup section */
		E234E50E2BE9F37E003599B4 = {
			isa = PBXGroup;
			children = (
				E234E5492BE9F4DD003599B4 /* README.md */,
				E234E5192BE9F37E003599B4 /* Little Lemon */,
				E234E52F2BE9F37F003599B4 /* Little LemonTests */,
				E234E5392BE9F37F003599B4 /* Little LemonUITests */,
				E234E5182BE9F37E003599B4 /* Products */,
			);
			sourceTree = "<group>";
		};
		E234E5182BE9F37E003599B4 /* Products */ = {
			isa = PBXGroup;
			children = (
				E234E5172BE9F37E003599B4 /* Little Lemon.app */,
				E234E52C2BE9F37F003599B4 /* Little LemonTests.xctest */,
				E234E5362BE9F37F003599B4 /* Little LemonUITests.xctest */,
			);
			name = Products;
			sourceTree = "<group>";
		};
		E234E5192BE9F37E003599B4 /* Little Lemon */ = {
			isa = PBXGroup;
			children = (
				E234E5692BE9F8E1003599B4 /* Models */,
				E234E55E2BE9F7D6003599B4 /* CoreData */,
				E234E54D2BE9F650003599B4 /* ViewModels */,
				E234E54A2BE9F627003599B4 /* Views */,
				E234E51A2BE9F37E003599B4 /* Little_LemonApp.swift */,
				E234E51E2BE9F37F003599B4 /* Assets.xcassets */,
				E234E5252BE9F37F003599B4 /* Little_Lemon.xcdatamodeld */,
				E234E5202BE9F37F003599B4 /* Preview Content */,
				E234E5542BE9F707003599B4 /* Styles.swift */,
			);
			path = "Little Lemon";
			sourceTree = "<group>";
		};
		E234E5202BE9F37F003599B4 /* Preview Content */ = {
			isa = PBXGroup;
			children = (
				E234E5212BE9F37F003599B4 /* Preview Assets.xcassets */,
			);
			path = "Preview Content";
			sourceTree = "<group>";
		};
		E234E52F2BE9F37F003599B4 /* Little LemonTests */ = {
			isa = PBXGroup;
			children = (
				E234E5302BE9F37F003599B4 /* Little_LemonTests.swift */,
			);
			path = "Little LemonTests";
			sourceTree = "<group>";
		};
		E234E5392BE9F37F003599B4 /* Little LemonUITests */ = {
			isa = PBXGroup;
			children = (
				E234E53A2BE9F37F003599B4 /* Little_LemonUITests.swift */,
				E234E53C2BE9F37F003599B4 /* Little_LemonUITestsLaunchTests.swift */,
			);
			path = "Little LemonUITests";
			sourceTree = "<group>";
		};
		E234E54A2BE9F627003599B4 /* Views */ = {
			isa = PBXGroup;
			children = (
				E234E54B2BE9F632003599B4 /* OnboardingView.swift */,
				E234E5582BE9F74F003599B4 /* HomeView.swift */,
				E234E56E2BE9F9CC003599B4 /* DetailItemView.swift */,
				E234E55A2BE9F781003599B4 /* MainView.swift */,
				E234E55C2BE9F7A2003599B4 /* MenuView.swift */,
				E234E5702BE9F9F4003599B4 /* FoodItemView.swift */,
				E234E5522BE9F6E3003599B4 /* HeroView.swift */,
				E234E5502BE9F6BA003599B4 /* HeaderView.swift */,
				E234E5562BE9F727003599B4 /* UserProfileView.swift */,
			);
			path = Views;
			sourceTree = "<group>";
		};
		E234E54D2BE9F650003599B4 /* ViewModels */ = {
			isa = PBXGroup;
			children = (
				E234E54E2BE9F662003599B4 /* ViewModel.swift */,
			);
			path = ViewModels;
			sourceTree = "<group>";
		};
		E234E55E2BE9F7D6003599B4 /* CoreData */ = {
			isa = PBXGroup;
			children = (
				E234E5622BE9F843003599B4 /* ExampleDatabase.xcdatamodeld */,
				E234E5652BE9F859003599B4 /* FetchedObjects.swift */,
				E234E5672BE9F87E003599B4 /* PersistenceController.swift */,
			);
			path = CoreData;
			sourceTree = "<group>";
		};
		E234E5692BE9F8E1003599B4 /* Models */ = {
			isa = PBXGroup;
			children = (
				E234E56A2BE9F996003599B4 /* MenuItem.swift */,
				E234E56C2BE9F9A3003599B4 /* MenuList.swift */,
			);
			path = Models;
			sourceTree = "<group>";
		};
/* End PBXGroup section */

/* Begin PBXNativeTarget section */
		E234E5162BE9F37E003599B4 /* Little Lemon */ = {
			isa = PBXNativeTarget;
			buildConfigurationList = E234E5402BE9F37F003599B4 /* Build configuration list for PBXNativeTarget "Little Lemon" */;
			buildPhases = (
				E234E5132BE9F37E003599B4 /* Sources */,
				E234E5142BE9F37E003599B4 /* Frameworks */,
				E234E5152BE9F37E003599B4 /* Resources */,
			);
			buildRules = (
			);
			dependencies = (
			);
			name = "Little Lemon";
			productName = "Little Lemon";
			productReference = E234E5172BE9F37E003599B4 /* Little Lemon.app */;
			productType = "com.apple.product-type.application";
		};
		E234E52B2BE9F37F003599B4 /* Little LemonTests */ = {
			isa = PBXNativeTarget;
			buildConfigurationList = E234E5432BE9F37F003599B4 /* Build configuration list for PBXNativeTarget "Little LemonTests" */;
			buildPhases = (
				E234E5282BE9F37F003599B4 /* Sources */,
				E234E5292BE9F37F003599B4 /* Frameworks */,
				E234E52A2BE9F37F003599B4 /* Resources */,
			);
			buildRules = (
			);
			dependencies = (
				E234E52E2BE9F37F003599B4 /* PBXTargetDependency */,
			);
			name = "Little LemonTests";
			productName = "Little LemonTests";
			productReference = E234E52C2BE9F37F003599B4 /* Little LemonTests.xctest */;
			productType = "com.apple.product-type.bundle.unit-test";
		};
		E234E5352BE9F37F003599B4 /* Little LemonUITests */ = {
			isa = PBXNativeTarget;
			buildConfigurationList = E234E5462BE9F37F003599B4 /* Build configuration list for PBXNativeTarget "Little LemonUITests" */;
			buildPhases = (
				E234E5322BE9F37F003599B4 /* Sources */,
				E234E5332BE9F37F003599B4 /* Frameworks */,
				E234E5342BE9F37F003599B4 /* Resources */,
			);
			buildRules = (
			);
			dependencies = (
				E234E5382BE9F37F003599B4 /* PBXTargetDependency */,
			);
			name = "Little LemonUITests";
			productName = "Little LemonUITests";
			productReference = E234E5362BE9F37F003599B4 /* Little LemonUITests.xctest */;
			productType = "com.apple.product-type.bundle.ui-testing";
		};
/* End PBXNativeTarget section */

/* Begin PBXProject section */
		E234E50F2BE9F37E003599B4 /* Project object */ = {
			isa = PBXProject;
			attributes = {
				BuildIndependentTargetsInParallel = 1;
				LastSwiftUpdateCheck = 1520;
				LastUpgradeCheck = 1520;
				TargetAttributes = {
					E234E5162BE9F37E003599B4 = {
						CreatedOnToolsVersion = 15.2;
					};
					E234E52B2BE9F37F003599B4 = {
						CreatedOnToolsVersion = 15.2;
						TestTargetID = E234E5162BE9F37E003599B4;
					};
					E234E5352BE9F37F003599B4 = {
						CreatedOnToolsVersion = 15.2;
						TestTargetID = E234E5162BE9F37E003599B4;
					};
				};
			};
			buildConfigurationList = E234E5122BE9F37E003599B4 /* Build configuration list for PBXProject "Little Lemon" */;
			compatibilityVersion = "Xcode 14.0";
			developmentRegion = en;
			hasScannedForEncodings = 0;
			knownRegions = (
				en,
				Base,
			);
			mainGroup = E234E50E2BE9F37E003599B4;
			productRefGroup = E234E5182BE9F37E003599B4 /* Products */;
			projectDirPath = "";
			projectRoot = "";
			targets = (
				E234E5162BE9F37E003599B4 /* Little Lemon */,
				E234E52B2BE9F37F003599B4 /* Little LemonTests */,
				E234E5352BE9F37F003599B4 /* Little LemonUITests */,
			);
		};
/* End PBXProject section */

/* Begin PBXResourcesBuildPhase section */
		E234E5152BE9F37E003599B4 /* Resources */ = {
			isa = PBXResourcesBuildPhase;
			buildActionMask = 2147483647;
			files = (
				E234E5222BE9F37F003599B4 /* Preview Assets.xcassets in Resources */,
				E234E51F2BE9F37F003599B4 /* Assets.xcassets in Resources */,
			);
			runOnlyForDeploymentPostprocessing = 0;
		};
		E234E52A2BE9F37F003599B4 /* Resources */ = {
			isa = PBXResourcesBuildPhase;
			buildActionMask = 2147483647;
			files = (
			);
			runOnlyForDeploymentPostprocessing = 0;
		};
		E234E5342BE9F37F003599B4 /* Resources */ = {
			isa = PBXResourcesBuildPhase;
			buildActionMask = 2147483647;
			files = (
			);
			runOnlyForDeploymentPostprocessing = 0;
		};
/* End PBXResourcesBuildPhase section */

/* Begin PBXSourcesBuildPhase section */
		E234E5132BE9F37E003599B4 /* Sources */ = {
			isa = PBXSourcesBuildPhase;
			buildActionMask = 2147483647;
			files = (
				E234E5552BE9F707003599B4 /* Styles.swift in Sources */,
				E234E5642BE9F843003599B4 /* ExampleDatabase.xcdatamodeld in Sources */,
				E234E55B2BE9F781003599B4 /* MainView.swift in Sources */,
				E234E5272BE9F37F003599B4 /* Little_Lemon.xcdatamodeld in Sources */,
				E234E5532BE9F6E3003599B4 /* HeroView.swift in Sources */,
				E234E5592BE9F74F003599B4 /* HomeView.swift in Sources */,
				E234E5662BE9F859003599B4 /* FetchedObjects.swift in Sources */,
				E234E55D2BE9F7A2003599B4 /* MenuView.swift in Sources */,
				E234E5572BE9F727003599B4 /* UserProfileView.swift in Sources */,
				E234E5712BE9F9F4003599B4 /* FoodItemView.swift in Sources */,
				E234E56B2BE9F996003599B4 /* MenuItem.swift in Sources */,
				E234E56F2BE9F9CC003599B4 /* DetailItemView.swift in Sources */,
				E234E56D2BE9F9A3003599B4 /* MenuList.swift in Sources */,
				E234E54C2BE9F632003599B4 /* OnboardingView.swift in Sources */,
				E234E54F2BE9F662003599B4 /* ViewModel.swift in Sources */,
				E234E51B2BE9F37E003599B4 /* Little_LemonApp.swift in Sources */,
				E234E5512BE9F6BA003599B4 /* HeaderView.swift in Sources */,
				E234E5682BE9F87E003599B4 /* PersistenceController.swift in Sources */,
			);
			runOnlyForDeploymentPostprocessing = 0;
		};
		E234E5282BE9F37F003599B4 /* Sources */ = {
			isa = PBXSourcesBuildPhase;
			buildActionMask = 2147483647;
			files = (
				E234E5312BE9F37F003599B4 /* Little_LemonTests.swift in Sources */,
			);
			runOnlyForDeploymentPostprocessing = 0;
		};
		E234E5322BE9F37F003599B4 /* Sources */ = {
			isa = PBXSourcesBuildPhase;
			buildActionMask = 2147483647;
			files = (
				E234E53D2BE9F37F003599B4 /* Little_LemonUITestsLaunchTests.swift in Sources */,
				E234E53B2BE9F37F003599B4 /* Little_LemonUITests.swift in Sources */,
			);
			runOnlyForDeploymentPostprocessing = 0;
		};
/* End PBXSourcesBuildPhase section */

/* Begin PBXTargetDependency section */
		E234E52E2BE9F37F003599B4 /* PBXTargetDependency */ = {
			isa = PBXTargetDependency;
			target = E234E5162BE9F37E003599B4 /* Little Lemon */;
			targetProxy = E234E52D2BE9F37F003599B4 /* PBXContainerItemProxy */;
		};
		E234E5382BE9F37F003599B4 /* PBXTargetDependency */ = {
			isa = PBXTargetDependency;
			target = E234E5162BE9F37E003599B4 /* Little Lemon */;
			targetProxy = E234E5372BE9F37F003599B4 /* PBXContainerItemProxy */;
		};
/* End PBXTargetDependency section */

/* Begin XCBuildConfiguration section */
		E234E53E2BE9F37F003599B4 /* Debug */ = {
			isa = XCBuildConfiguration;
			buildSettings = {
				ALWAYS_SEARCH_USER_PATHS = NO;
				ASSETCATALOG_COMPILER_GENERATE_SWIFT_ASSET_SYMBOL_EXTENSIONS = YES;
				CLANG_ANALYZER_NONNULL = YES;
				CLANG_ANALYZER_NUMBER_OBJECT_CONVERSION = YES_AGGRESSIVE;
				CLANG_CXX_LANGUAGE_STANDARD = "gnu++20";
				CLANG_ENABLE_MODULES = YES;
				CLANG_ENABLE_OBJC_ARC = YES;
				CLANG_ENABLE_OBJC_WEAK = YES;
				CLANG_WARN_BLOCK_CAPTURE_AUTORELEASING = YES;
				CLANG_WARN_BOOL_CONVERSION = YES;
				CLANG_WARN_COMMA = YES;
				CLANG_WARN_CONSTANT_CONVERSION = YES;
				CLANG_WARN_DEPRECATED_OBJC_IMPLEMENTATIONS = YES;
				CLANG_WARN_DIRECT_OBJC_ISA_USAGE = YES_ERROR;
				CLANG_WARN_DOCUMENTATION_COMMENTS = YES;
				CLANG_WARN_EMPTY_BODY = YES;
				CLANG_WARN_ENUM_CONVERSION = YES;
				CLANG_WARN_INFINITE_RECURSION = YES;
				CLANG_WARN_INT_CONVERSION = YES;
				CLANG_WARN_NON_LITERAL_NULL_CONVERSION = YES;
				CLANG_WARN_OBJC_IMPLICIT_RETAIN_SELF = YES;
				CLANG_WARN_OBJC_LITERAL_CONVERSION = YES;
				CLANG_WARN_OBJC_ROOT_CLASS = YES_ERROR;
				CLANG_WARN_QUOTED_INCLUDE_IN_FRAMEWORK_HEADER = YES;
				CLANG_WARN_RANGE_LOOP_ANALYSIS = YES;
				CLANG_WARN_STRICT_PROTOTYPES = YES;
				CLANG_WARN_SUSPICIOUS_MOVE = YES;
				CLANG_WARN_UNGUARDED_AVAILABILITY = YES_AGGRESSIVE;
				CLANG_WARN_UNREACHABLE_CODE = YES;
				CLANG_WARN__DUPLICATE_METHOD_MATCH = YES;
				COPY_PHASE_STRIP = NO;
				DEBUG_INFORMATION_FORMAT = dwarf;
				ENABLE_STRICT_OBJC_MSGSEND = YES;
				ENABLE_TESTABILITY = YES;
				ENABLE_USER_SCRIPT_SANDBOXING = YES;
				GCC_C_LANGUAGE_STANDARD = gnu17;
				GCC_DYNAMIC_NO_PIC = NO;
				GCC_NO_COMMON_BLOCKS = YES;
				GCC_OPTIMIZATION_LEVEL = 0;
				GCC_PREPROCESSOR_DEFINITIONS = (
					"DEBUG=1",
					"$(inherited)",
				);
				GCC_WARN_64_TO_32_BIT_CONVERSION = YES;
				GCC_WARN_ABOUT_RETURN_TYPE = YES_ERROR;
				GCC_WARN_UNDECLARED_SELECTOR = YES;
				GCC_WARN_UNINITIALIZED_AUTOS = YES_AGGRESSIVE;
				GCC_WARN_UNUSED_FUNCTION = YES;
				GCC_WARN_UNUSED_VARIABLE = YES;
				IPHONEOS_DEPLOYMENT_TARGET = 17.2;
				LOCALIZATION_PREFERS_STRING_CATALOGS = YES;
				MTL_ENABLE_DEBUG_INFO = INCLUDE_SOURCE;
				MTL_FAST_MATH = YES;
				ONLY_ACTIVE_ARCH = YES;
				SDKROOT = iphoneos;
				SWIFT_ACTIVE_COMPILATION_CONDITIONS = "DEBUG $(inherited)";
				SWIFT_OPTIMIZATION_LEVEL = "-Onone";
			};
			name = Debug;
		};
		E234E53F2BE9F37F003599B4 /* Release */ = {
			isa = XCBuildConfiguration;
			buildSettings = {
				ALWAYS_SEARCH_USER_PATHS = NO;
				ASSETCATALOG_COMPILER_GENERATE_SWIFT_ASSET_SYMBOL_EXTENSIONS = YES;
				CLANG_ANALYZER_NONNULL = YES;
				CLANG_ANALYZER_NUMBER_OBJECT_CONVERSION = YES_AGGRESSIVE;
				CLANG_CXX_LANGUAGE_STANDARD = "gnu++20";
				CLANG_ENABLE_MODULES = YES;
				CLANG_ENABLE_OBJC_ARC = YES;
				CLANG_ENABLE_OBJC_WEAK = YES;
				CLANG_WARN_BLOCK_CAPTURE_AUTORELEASING = YES;
				CLANG_WARN_BOOL_CONVERSION = YES;
				CLANG_WARN_COMMA = YES;
				CLANG_WARN_CONSTANT_CONVERSION = YES;
				CLANG_WARN_DEPRECATED_OBJC_IMPLEMENTATIONS = YES;
				CLANG_WARN_DIRECT_OBJC_ISA_USAGE = YES_ERROR;
				CLANG_WARN_DOCUMENTATION_COMMENTS = YES;
				CLANG_WARN_EMPTY_BODY = YES;
				CLANG_WARN_ENUM_CONVERSION = YES;
				CLANG_WARN_INFINITE_RECURSION = YES;
				CLANG_WARN_INT_CONVERSION = YES;
				CLANG_WARN_NON_LITERAL_NULL_CONVERSION = YES;
				CLANG_WARN_OBJC_IMPLICIT_RETAIN_SELF = YES;
				CLANG_WARN_OBJC_LITERAL_CONVERSION = YES;
				CLANG_WARN_OBJC_ROOT_CLASS = YES_ERROR;
				CLANG_WARN_QUOTED_INCLUDE_IN_FRAMEWORK_HEADER = YES;
				CLANG_WARN_RANGE_LOOP_ANALYSIS = YES;
				CLANG_WARN_STRICT_PROTOTYPES = YES;
				CLANG_WARN_SUSPICIOUS_MOVE = YES;
				CLANG_WARN_UNGUARDED_AVAILABILITY = YES_AGGRESSIVE;
				CLANG_WARN_UNREACHABLE_CODE = YES;
				CLANG_WARN__DUPLICATE_METHOD_MATCH = YES;
				COPY_PHASE_STRIP = NO;
				DEBUG_INFORMATION_FORMAT = "dwarf-with-dsym";
				ENABLE_NS_ASSERTIONS = NO;
				ENABLE_STRICT_OBJC_MSGSEND = YES;
				ENABLE_USER_SCRIPT_SANDBOXING = YES;
				GCC_C_LANGUAGE_STANDARD = gnu17;
				GCC_NO_COMMON_BLOCKS = YES;
				GCC_WARN_64_TO_32_BIT_CONVERSION = YES;
				GCC_WARN_ABOUT_RETURN_TYPE = YES_ERROR;
				GCC_WARN_UNDECLARED_SELECTOR = YES;
				GCC_WARN_UNINITIALIZED_AUTOS = YES_AGGRESSIVE;
				GCC_WARN_UNUSED_FUNCTION = YES;
				GCC_WARN_UNUSED_VARIABLE = YES;
				IPHONEOS_DEPLOYMENT_TARGET = 17.2;
				LOCALIZATION_PREFERS_STRING_CATALOGS = YES;
				MTL_ENABLE_DEBUG_INFO = NO;
				MTL_FAST_MATH = YES;
				SDKROOT = iphoneos;
				SWIFT_COMPILATION_MODE = wholemodule;
				VALIDATE_PRODUCT = YES;
			};
			name = Release;
		};
		E234E5412BE9F37F003599B4 /* Debug */ = {
			isa = XCBuildConfiguration;
			buildSettings = {
				ASSETCATALOG_COMPILER_APPICON_NAME = AppIcon;
				ASSETCATALOG_COMPILER_GLOBAL_ACCENT_COLOR_NAME = AccentColor;
				CODE_SIGN_STYLE = Automatic;
				CURRENT_PROJECT_VERSION = 1;
				DEVELOPMENT_ASSET_PATHS = "\"Little Lemon/Preview Content\"";
				DEVELOPMENT_TEAM = KJK275LKS7;
				ENABLE_PREVIEWS = YES;
				GENERATE_INFOPLIST_FILE = YES;
				INFOPLIST_KEY_UIApplicationSceneManifest_Generation = YES;
				INFOPLIST_KEY_UIApplicationSupportsIndirectInputEvents = YES;
				INFOPLIST_KEY_UILaunchScreen_Generation = YES;
				INFOPLIST_KEY_UISupportedInterfaceOrientations_iPad = "UIInterfaceOrientationPortrait UIInterfaceOrientationPortraitUpsideDown UIInterfaceOrientationLandscapeLeft UIInterfaceOrientationLandscapeRight";
				INFOPLIST_KEY_UISupportedInterfaceOrientations_iPhone = "UIInterfaceOrientationPortrait UIInterfaceOrientationLandscapeLeft UIInterfaceOrientationLandscapeRight";
				LD_RUNPATH_SEARCH_PATHS = (
					"$(inherited)",
					"@executable_path/Frameworks",
				);
				MARKETING_VERSION = 1.0;
				PRODUCT_BUNDLE_IDENTIFIER = "Gulu.Little-Lemon";
				PRODUCT_NAME = "$(TARGET_NAME)";
				SWIFT_EMIT_LOC_STRINGS = YES;
				SWIFT_VERSION = 5.0;
				TARGETED_DEVICE_FAMILY = "1,2";
			};
			name = Debug;
		};
		E234E5422BE9F37F003599B4 /* Release */ = {
			isa = XCBuildConfiguration;
			buildSettings = {
				ASSETCATALOG_COMPILER_APPICON_NAME = AppIcon;
				ASSETCATALOG_COMPILER_GLOBAL_ACCENT_COLOR_NAME = AccentColor;
				CODE_SIGN_STYLE = Automatic;
				CURRENT_PROJECT_VERSION = 1;
				DEVELOPMENT_ASSET_PATHS = "\"Little Lemon/Preview Content\"";
				DEVELOPMENT_TEAM = KJK275LKS7;
				ENABLE_PREVIEWS = YES;
				GENERATE_INFOPLIST_FILE = YES;
				INFOPLIST_KEY_UIApplicationSceneManifest_Generation = YES;
				INFOPLIST_KEY_UIApplicationSupportsIndirectInputEvents = YES;
				INFOPLIST_KEY_UILaunchScreen_Generation = YES;
				INFOPLIST_KEY_UISupportedInterfaceOrientations_iPad = "UIInterfaceOrientationPortrait UIInterfaceOrientationPortraitUpsideDown UIInterfaceOrientationLandscapeLeft UIInterfaceOrientationLandscapeRight";
				INFOPLIST_KEY_UISupportedInterfaceOrientations_iPhone = "UIInterfaceOrientationPortrait UIInterfaceOrientationLandscapeLeft UIInterfaceOrientationLandscapeRight";
				LD_RUNPATH_SEARCH_PATHS = (
					"$(inherited)",
					"@executable_path/Frameworks",
				);
				MARKETING_VERSION = 1.0;
				PRODUCT_BUNDLE_IDENTIFIER = "Gulu.Little-Lemon";
				PRODUCT_NAME = "$(TARGET_NAME)";
				SWIFT_EMIT_LOC_STRINGS = YES;
				SWIFT_VERSION = 5.0;
				TARGETED_DEVICE_FAMILY = "1,2";
			};
			name = Release;
		};
		E234E5442BE9F37F003599B4 /* Debug */ = {
			isa = XCBuildConfiguration;
			buildSettings = {
				ALWAYS_EMBED_SWIFT_STANDARD_LIBRARIES = YES;
				BUNDLE_LOADER = "$(TEST_HOST)";
				CODE_SIGN_STYLE = Automatic;
				CURRENT_PROJECT_VERSION = 1;
				DEVELOPMENT_TEAM = KJK275LKS7;
				GENERATE_INFOPLIST_FILE = YES;
				IPHONEOS_DEPLOYMENT_TARGET = 17.2;
				MARKETING_VERSION = 1.0;
				PRODUCT_BUNDLE_IDENTIFIER = "Gulu.Little-LemonTests";
				PRODUCT_NAME = "$(TARGET_NAME)";
				SWIFT_EMIT_LOC_STRINGS = NO;
				SWIFT_VERSION = 5.0;
				TARGETED_DEVICE_FAMILY = "1,2";
				TEST_HOST = "$(BUILT_PRODUCTS_DIR)/Little Lemon.app/$(BUNDLE_EXECUTABLE_FOLDER_PATH)/Little Lemon";
			};
			name = Debug;
		};
		E234E5452BE9F37F003599B4 /* Release */ = {
			isa = XCBuildConfiguration;
			buildSettings = {
				ALWAYS_EMBED_SWIFT_STANDARD_LIBRARIES = YES;
				BUNDLE_LOADER = "$(TEST_HOST)";
				CODE_SIGN_STYLE = Automatic;
				CURRENT_PROJECT_VERSION = 1;
				DEVELOPMENT_TEAM = KJK275LKS7;
				GENERATE_INFOPLIST_FILE = YES;
				IPHONEOS_DEPLOYMENT_TARGET = 17.2;
				MARKETING_VERSION = 1.0;
				PRODUCT_BUNDLE_IDENTIFIER = "Gulu.Little-LemonTests";
				PRODUCT_NAME = "$(TARGET_NAME)";
				SWIFT_EMIT_LOC_STRINGS = NO;
				SWIFT_VERSION = 5.0;
				TARGETED_DEVICE_FAMILY = "1,2";
				TEST_HOST = "$(BUILT_PRODUCTS_DIR)/Little Lemon.app/$(BUNDLE_EXECUTABLE_FOLDER_PATH)/Little Lemon";
			};
			name = Release;
		};
		E234E5472BE9F37F003599B4 /* Debug */ = {
			isa = XCBuildConfiguration;
			buildSettings = {
				ALWAYS_EMBED_SWIFT_STANDARD_LIBRARIES = YES;
				CODE_SIGN_STYLE = Automatic;
				CURRENT_PROJECT_VERSION = 1;
				DEVELOPMENT_TEAM = KJK275LKS7;
				GENERATE_INFOPLIST_FILE = YES;
				MARKETING_VERSION = 1.0;
				PRODUCT_BUNDLE_IDENTIFIER = "Gulu.Little-LemonUITests";
				PRODUCT_NAME = "$(TARGET_NAME)";
				SWIFT_EMIT_LOC_STRINGS = NO;
				SWIFT_VERSION = 5.0;
				TARGETED_DEVICE_FAMILY = "1,2";
				TEST_TARGET_NAME = "Little Lemon";
			};
			name = Debug;
		};
		E234E5482BE9F37F003599B4 /* Release */ = {
			isa = XCBuildConfiguration;
			buildSettings = {
				ALWAYS_EMBED_SWIFT_STANDARD_LIBRARIES = YES;
				CODE_SIGN_STYLE = Automatic;
				CURRENT_PROJECT_VERSION = 1;
				DEVELOPMENT_TEAM = KJK275LKS7;
				GENERATE_INFOPLIST_FILE = YES;
				MARKETING_VERSION = 1.0;
				PRODUCT_BUNDLE_IDENTIFIER = "Gulu.Little-LemonUITests";
				PRODUCT_NAME = "$(TARGET_NAME)";
				SWIFT_EMIT_LOC_STRINGS = NO;
				SWIFT_VERSION = 5.0;
				TARGETED_DEVICE_FAMILY = "1,2";
				TEST_TARGET_NAME = "Little Lemon";
			};
			name = Release;
		};
/* End XCBuildConfiguration section */

/* Begin XCConfigurationList section */
		E234E5122BE9F37E003599B4 /* Build configuration list for PBXProject "Little Lemon" */ = {
			isa = XCConfigurationList;
			buildConfigurations = (
				E234E53E2BE9F37F003599B4 /* Debug */,
				E234E53F2BE9F37F003599B4 /* Release */,
			);
			defaultConfigurationIsVisible = 0;
			defaultConfigurationName = Release;
		};
		E234E5402BE9F37F003599B4 /* Build configuration list for PBXNativeTarget "Little Lemon" */ = {
			isa = XCConfigurationList;
			buildConfigurations = (
				E234E5412BE9F37F003599B4 /* Debug */,
				E234E5422BE9F37F003599B4 /* Release */,
			);
			defaultConfigurationIsVisible = 0;
			defaultConfigurationName = Release;
		};
		E234E5432BE9F37F003599B4 /* Build configuration list for PBXNativeTarget "Little LemonTests" */ = {
			isa = XCConfigurationList;
			buildConfigurations = (
				E234E5442BE9F37F003599B4 /* Debug */,
				E234E5452BE9F37F003599B4 /* Release */,
			);
			defaultConfigurationIsVisible = 0;
			defaultConfigurationName = Release;
		};
		E234E5462BE9F37F003599B4 /* Build configuration list for PBXNativeTarget "Little LemonUITests" */ = {
			isa = XCConfigurationList;
			buildConfigurations = (
				E234E5472BE9F37F003599B4 /* Debug */,
				E234E5482BE9F37F003599B4 /* Release */,
			);
			defaultConfigurationIsVisible = 0;
			defaultConfigurationName = Release;
		};
/* End XCConfigurationList section */

/* Begin XCVersionGroup section */
		E234E5252BE9F37F003599B4 /* Little_Lemon.xcdatamodeld */ = {
			isa = XCVersionGroup;
			children = (
				E234E5262BE9F37F003599B4 /* Little_Lemon.xcdatamodel */,
			);
			currentVersion = E234E5262BE9F37F003599B4 /* Little_Lemon.xcdatamodel */;
			path = Little_Lemon.xcdatamodeld;
			sourceTree = "<group>";
			versionGroupType = wrapper.xcdatamodel;
		};
		E234E5622BE9F843003599B4 /* ExampleDatabase.xcdatamodeld */ = {
			isa = XCVersionGroup;
			children = (
				E234E5632BE9F843003599B4 /* ExampleDatabase.xcdatamodel */,
			);
			currentVersion = E234E5632BE9F843003599B4 /* ExampleDatabase.xcdatamodel */;
			path = ExampleDatabase.xcdatamodeld;
			sourceTree = "<group>";
			versionGroupType = wrapper.xcdatamodel;
		};
/* End XCVersionGroup section */
	};
	rootObject = E234E50F2BE9F37E003599B4 /* Project object */;
}
